
Microsoft Visual Studio Solution File, Format Version 12.00
# Visual Studio Version 16
VisualStudioVersion = 16.0.32228.343
MinimumVisualStudioVersion = 10.0.40219.1
Project("{888888A0-9F3D-457C-B088-3A5042F75D52}") = "Ejercicios Capitulo 14", "Ejercicios Capitulo 14\Ejercicios Capitulo 14.pyproj", "{83AB53F5-3628-4BE3-B2F5-E52548188536}"
EndProject
Global
	GlobalSection(SolutionConfigurationPlatforms) = preSolution
		Debug|Any CPU = Debug|Any CPU
		Release|Any CPU = Release|Any CPU
	EndGlobalSection
	GlobalSection(ProjectConfigurationPlatforms) = postSolution
		{83AB53F5-3628-4BE3-B2F5-E52548188536}.Debug|Any CPU.ActiveCfg = Debug|Any CPU
		{83AB53F5-3628-4BE3-B2F5-E52548188536}.Release|Any CPU.ActiveCfg = Release|Any CPU
	EndGlobalSection
	GlobalSection(SolutionProperties) = preSolution
		HideSolutionNode = FALSE
	EndGlobalSection
	GlobalSection(ExtensibilityGlobals) = postSolution
		SolutionGuid = {D06FC016-D211-414E-9FDE-C3739CCC7E2D}
	EndGlobalSection
EndGlobal
