
Microsoft Visual Studio Solution File, Format Version 12.00
# Visual Studio Version 16
VisualStudioVersion = 16.0.32228.343
MinimumVisualStudioVersion = 10.0.40219.1
Project("{888888A0-9F3D-457C-B088-3A5042F75D52}") = "Ejercicio capitulo 6", "Ejercicio capitulo 6\Ejercicio capitulo 6.pyproj", "{DFB5A01A-51A3-428F-BBE8-E5AA8543B11E}"
EndProject
Global
	GlobalSection(SolutionConfigurationPlatforms) = preSolution
		Debug|Any CPU = Debug|Any CPU
		Release|Any CPU = Release|Any CPU
	EndGlobalSection
	GlobalSection(ProjectConfigurationPlatforms) = postSolution
		{DFB5A01A-51A3-428F-BBE8-E5AA8543B11E}.Debug|Any CPU.ActiveCfg = Debug|Any CPU
		{DFB5A01A-51A3-428F-BBE8-E5AA8543B11E}.Release|Any CPU.ActiveCfg = Release|Any CPU
	EndGlobalSection
	GlobalSection(SolutionProperties) = preSolution
		HideSolutionNode = FALSE
	EndGlobalSection
	GlobalSection(ExtensibilityGlobals) = postSolution
		SolutionGuid = {88924757-677F-455F-8F1D-9CF0F6D97D99}
	EndGlobalSection
EndGlobal
