
Microsoft Visual Studio Solution File, Format Version 12.00
# Visual Studio Version 16
VisualStudioVersion = 16.0.32228.343
MinimumVisualStudioVersion = 10.0.40219.1
Project("{888888A0-9F3D-457C-B088-3A5042F75D52}") = "Ejercicios capitulo 2", "Ejercicios capitulo 2\Ejercicios capitulo 2.pyproj", "{9CAD7449-49A4-4DB2-B1AE-AE82807A6147}"
EndProject
Global
	GlobalSection(SolutionConfigurationPlatforms) = preSolution
		Debug|Any CPU = Debug|Any CPU
		Release|Any CPU = Release|Any CPU
	EndGlobalSection
	GlobalSection(ProjectConfigurationPlatforms) = postSolution
		{9CAD7449-49A4-4DB2-B1AE-AE82807A6147}.Debug|Any CPU.ActiveCfg = Debug|Any CPU
		{9CAD7449-49A4-4DB2-B1AE-AE82807A6147}.Release|Any CPU.ActiveCfg = Release|Any CPU
	EndGlobalSection
	GlobalSection(SolutionProperties) = preSolution
		HideSolutionNode = FALSE
	EndGlobalSection
	GlobalSection(ExtensibilityGlobals) = postSolution
		SolutionGuid = {767A9D77-4CA4-4741-AE01-8405D8DF3DA1}
	EndGlobalSection
EndGlobal
