
Microsoft Visual Studio Solution File, Format Version 12.00
# Visual Studio Version 16
VisualStudioVersion = 16.0.32228.343
MinimumVisualStudioVersion = 10.0.40219.1
Project("{888888A0-9F3D-457C-B088-3A5042F75D52}") = "Ejercicios Capitulo 11", "Ejercicios Capitulo 11\Ejercicios Capitulo 11.pyproj", "{8CA0CF7A-F380-47FB-BD87-C779AEB45B47}"
EndProject
Global
	GlobalSection(SolutionConfigurationPlatforms) = preSolution
		Debug|Any CPU = Debug|Any CPU
		Release|Any CPU = Release|Any CPU
	EndGlobalSection
	GlobalSection(ProjectConfigurationPlatforms) = postSolution
		{8CA0CF7A-F380-47FB-BD87-C779AEB45B47}.Debug|Any CPU.ActiveCfg = Debug|Any CPU
		{8CA0CF7A-F380-47FB-BD87-C779AEB45B47}.Release|Any CPU.ActiveCfg = Release|Any CPU
	EndGlobalSection
	GlobalSection(SolutionProperties) = preSolution
		HideSolutionNode = FALSE
	EndGlobalSection
	GlobalSection(ExtensibilityGlobals) = postSolution
		SolutionGuid = {BADBCD0B-6EFD-43FA-ADFB-9C9D2B1B8A4F}
	EndGlobalSection
EndGlobal
