
Microsoft Visual Studio Solution File, Format Version 12.00
# Visual Studio Version 16
VisualStudioVersion = 16.0.32228.343
MinimumVisualStudioVersion = 10.0.40219.1
Project("{888888A0-9F3D-457C-B088-3A5042F75D52}") = "Ejercicios Capitulo 32", "Ejercicios Capitulo 32\Ejercicios Capitulo 32.pyproj", "{6F9C4BA2-75D0-482D-8176-58CED63C544C}"
EndProject
Global
	GlobalSection(SolutionConfigurationPlatforms) = preSolution
		Debug|Any CPU = Debug|Any CPU
		Release|Any CPU = Release|Any CPU
	EndGlobalSection
	GlobalSection(ProjectConfigurationPlatforms) = postSolution
		{6F9C4BA2-75D0-482D-8176-58CED63C544C}.Debug|Any CPU.ActiveCfg = Debug|Any CPU
		{6F9C4BA2-75D0-482D-8176-58CED63C544C}.Release|Any CPU.ActiveCfg = Release|Any CPU
	EndGlobalSection
	GlobalSection(SolutionProperties) = preSolution
		HideSolutionNode = FALSE
	EndGlobalSection
	GlobalSection(ExtensibilityGlobals) = postSolution
		SolutionGuid = {8477BA1C-2533-4970-9683-514D7E1837F6}
	EndGlobalSection
EndGlobal
