
Microsoft Visual Studio Solution File, Format Version 12.00
# Visual Studio Version 16
VisualStudioVersion = 16.0.32228.343
MinimumVisualStudioVersion = 10.0.40219.1
Project("{888888A0-9F3D-457C-B088-3A5042F75D52}") = "Ejercicios capitulo 13", "Ejercicios capitulo 13\Ejercicios capitulo 13.pyproj", "{AA2D61C5-B545-4F01-A03B-69BD7CB501B7}"
EndProject
Global
	GlobalSection(SolutionConfigurationPlatforms) = preSolution
		Debug|Any CPU = Debug|Any CPU
		Release|Any CPU = Release|Any CPU
	EndGlobalSection
	GlobalSection(ProjectConfigurationPlatforms) = postSolution
		{AA2D61C5-B545-4F01-A03B-69BD7CB501B7}.Debug|Any CPU.ActiveCfg = Debug|Any CPU
		{AA2D61C5-B545-4F01-A03B-69BD7CB501B7}.Release|Any CPU.ActiveCfg = Release|Any CPU
	EndGlobalSection
	GlobalSection(SolutionProperties) = preSolution
		HideSolutionNode = FALSE
	EndGlobalSection
	GlobalSection(ExtensibilityGlobals) = postSolution
		SolutionGuid = {1FCCA29A-61F9-4270-936C-0B0B212D0766}
	EndGlobalSection
EndGlobal
